# This file is autogenerated, do not edit; changes may be undone by the next 'dep ensure'.


[[projects]]
  branch = "master"
  name = "github.com/inconshreveable/mousetrap"
  packages = ["."]
  revision = "76626ae9c91c4f2a10f34cad8ce83ea42c93bb75"

[[projects]]
  branch = "master"
  name = "github.com/mitchellh/go-homedir"
  packages = ["."]
  revision = "b8bc1bf767474819792c23f32d8286a45736f1c6"

[[projects]]
  branch = "master"
  name = "github.com/spf13/cobra"
  packages = ["."]
  revision = "8c6fa02d2225de0f9bdcb7ca912556f68d172d8c"

[[projects]]
  branch = "master"
  name = "github.com/spf13/pflag"
  packages = ["."]
  revision = "e57e3eeb33f795204c1ca35f56c44f83227c6e66"

[solve-meta]
  analyzer-name = "dep"
  analyzer-version = 1
  inputs-digest = "fb78e5aaaa18d29492e815c3e8a4bfe896f6f8d1e23ea2815d36491734bf5226"
  solver-name = "gps-cdcl"
  solver-version = 1
